
Microsoft Visual Studio Solution File, Format Version 12.00
# Visual Studio 15
VisualStudioVersion = 15.0.28307.271
MinimumVisualStudioVersion = 10.0.40219.1
Project("{9A19103F-16F7-4668-BE54-9A1E7A4F7556}") = "csharpcore", "csharpcore.csproj", "{C3918CF7-259E-4D98-BC21-BAD52A72D0BC}"
EndProject
Global
	GlobalSection(SolutionConfigurationPlatforms) = preSolution
		Debug|Any CPU = Debug|Any CPU
		Release|Any CPU = Release|Any CPU
	EndGlobalSection
	GlobalSection(ProjectConfigurationPlatforms) = postSolution
		{C3918CF7-259E-4D98-BC21-BAD52A72D0BC}.Debug|Any CPU.ActiveCfg = Debug|Any CPU
		{C3918CF7-259E-4D98-BC21-BAD52A72D0BC}.Debug|Any CPU.Build.0 = Debug|Any CPU
		{C3918CF7-259E-4D98-BC21-BAD52A72D0BC}.Release|Any CPU.ActiveCfg = Release|Any CPU
		{C3918CF7-259E-4D98-BC21-BAD52A72D0BC}.Release|Any CPU.Build.0 = Release|Any CPU
	EndGlobalSection
	GlobalSection(SolutionProperties) = preSolution
		HideSolutionNode = FALSE
	EndGlobalSection
	GlobalSection(ExtensibilityGlobals) = postSolution
		SolutionGuid = {20F8A2C4-8D22-4A31-A780-BF6E2C75CF4F}
	EndGlobalSection
EndGlobal
